
Microsoft Visual Studio Solution File, Format Version 12.00
# Visual Studio Version 16
VisualStudioVersion = 16.0.29025.244
MinimumVisualStudioVersion = 10.0.40219.1
Project("{FAE04EC0-301F-11D3-BF4B-00C04F79EFBC}") = "NoticiasAPI", "NoticiasAPI.csproj", "{D207D5A9-F107-4501-B892-1220655F15EB}"
EndProject
Global
	GlobalSection(SolutionConfigurationPlatforms) = preSolution
		Debug|Any CPU = Debug|Any CPU
		Release|Any CPU = Release|Any CPU
	EndGlobalSection
	GlobalSection(ProjectConfigurationPlatforms) = postSolution
		{D207D5A9-F107-4501-B892-1220655F15EB}.Debug|Any CPU.ActiveCfg = Debug|Any CPU
		{D207D5A9-F107-4501-B892-1220655F15EB}.Debug|Any CPU.Build.0 = Debug|Any CPU
		{D207D5A9-F107-4501-B892-1220655F15EB}.Release|Any CPU.ActiveCfg = Release|Any CPU
		{D207D5A9-F107-4501-B892-1220655F15EB}.Release|Any CPU.Build.0 = Release|Any CPU
	EndGlobalSection
	GlobalSection(SolutionProperties) = preSolution
		HideSolutionNode = FALSE
	EndGlobalSection
	GlobalSection(ExtensibilityGlobals) = postSolution
		SolutionGuid = {5693233C-3F13-4B20-B7B2-2BA68B32313A}
	EndGlobalSection
EndGlobal
